lockfileVersion: '6.0'

settings:
  autoInstallPeers: true
  excludeLinksFromLockfile: false

devDependencies:
  '@types/node':
    specifier: ^18.19.6
    version: 18.19.6
  prettier:
    specifier: ^3.2.1
    version: 3.2.1

packages:

  /@types/node@18.19.6:
    resolution: {integrity: sha512-X36s5CXMrrJOs2lQCdDF68apW4Rfx9ixYMawlepwmE4Anezv/AV2LSpKD1Ub8DAc+urp5bk0BGZ6NtmBitfnsg==}
    dependencies:
      undici-types: 5.26.5
    dev: true

  /prettier@3.2.1:
    resolution: {integrity: sha512-qSUWshj1IobVbKc226Gw2pync27t0Kf0EdufZa9j7uBSJay1CC+B3K5lAAZoqgX3ASiKuWsk6OmzKRetXNObWg==}
    engines: {node: '>=14'}
    hasBin: true
    dev: true

  /undici-types@5.26.5:
    resolution: {integrity: sha512-JlCMO+ehdEIKqlFxk6IfVoAUVmgz7cU7zD/h9XZ0qzeosSHmUJVOzSQvvYSYWXkFXC+IfLKSIffhv0sVZup6pA==}
    dev: true
